// !$*UTF8*$!
{
	archiveVersion = 1;
	classes = {
	};
	objectVersion = 46;
	objects = {

/* Begin PBXBuildFile section */
		A8418CEE1BF02A2600047512 /* AppDelegate.swift in Sources */ = {isa = PBXBuildFile; fileRef = A8418CED1BF02A2600047512 /* AppDelegate.swift */; };
		A8418CF01BF02A2600047512 /* ViewController.swift in Sources */ = {isa = PBXBuildFile; fileRef = A8418CEF1BF02A2600047512 /* ViewController.swift */; };
		A8418CF31BF02A2600047512 /* Main.storyboard in Resources */ = {isa = PBXBuildFile; fileRef = A8418CF11BF02A2600047512 /* Main.storyboard */; };
		A8418CF61BF02A2600047512 /* CoreMemoSample.xcdatamodeld in Sources */ = {isa = PBXBuildFile; fileRef = A8418CF41BF02A2600047512 /* CoreMemoSample.xcdatamodeld */; };
		A8418CF81BF02A2600047512 /* Assets.xcassets in Resources */ = {isa = PBXBuildFile; fileRef = A8418CF71BF02A2600047512 /* Assets.xcassets */; };
		A8418CFB1BF02A2600047512 /* LaunchScreen.storyboard in Resources */ = {isa = PBXBuildFile; fileRef = A8418CF91BF02A2600047512 /* LaunchScreen.storyboard */; };
/* End PBXBuildFile section */

/* Begin PBXFileReference section */
		A8418CEA1BF02A2600047512 /* CoreMemoSample.app */ = {isa = PBXFileReference; explicitFileType = wrapper.application; includeInIndex = 0; path = CoreMemoSample.app; sourceTree = BUILT_PRODUCTS_DIR; };
		A8418CED1BF02A2600047512 /* AppDelegate.swift */ = {isa = PBXFileReference; lastKnownFileType = sourcecode.swift; path = AppDelegate.swift; sourceTree = "<group>"; };
		A8418CEF1BF02A2600047512 /* ViewController.swift */ = {isa = PBXFileReference; lastKnownFileType = sourcecode.swift; path = ViewController.swift; sourceTree = "<group>"; };
		A8418CF21BF02A2600047512 /* Base */ = {isa = PBXFileReference; lastKnownFileType = file.storyboard; name = Base; path = Base.lproj/Main.storyboard; sourceTree = "<group>"; };
		A8418CF51BF02A2600047512 /* CoreMemoSample.xcdatamodel */ = {isa = PBXFileReference; lastKnownFileType = wrapper.xcdatamodel; path = CoreMemoSample.xcdatamodel; sourceTree = "<group>"; };
		A8418CF71BF02A2600047512 /* Assets.xcassets */ = {isa = PBXFileReference; lastKnownFileType = folder.assetcatalog; path = Assets.xcassets; sourceTree = "<group>"; };
		A8418CFA1BF02A2600047512 /* Base */ = {isa = PBXFileReference; lastKnownFileType = file.storyboard; name = Base; path = Base.lproj/LaunchScreen.storyboard; sourceTree = "<group>"; };
		A8418CFC1BF02A2600047512 /* Info.plist */ = {isa = PBXFileReference; lastKnownFileType = text.plist.xml; path = Info.plist; sourceTree = "<group>"; };
/* End PBXFileReference section */

/* Begin PBXFrameworksBuildPhase section */
		A8418CE71BF02A2600047512 /* Frameworks */ = {
			isa = PBXFrameworksBuildPhase;
			buildActionMask = 2147483647;
			files = (
			);
			runOnlyForDeploymentPostprocessing = 0;
		};
/* End PBXFrameworksBuildPhase section */

/* Begin PBXGroup section */
		A8418CE11BF02A2600047512 = {
			isa = PBXGroup;
			children = (
				A8418CEC1BF02A2600047512 /* CoreMemoSample */,
				A8418CEB1BF02A2600047512 /* Products */,
			);
			sourceTree = "<group>";
		};
		A8418CEB1BF02A2600047512 /* Products */ = {
			isa = PBXGroup;
			children = (
				A8418CEA1BF02A2600047512 /* CoreMemoSample.app */,
			);
			name = Products;
			sourceTree = "<group>";
		};
		A8418CEC1BF02A2600047512 /* CoreMemoSample */ = {
			isa = PBXGroup;
			children = (
				A8418CED1BF02A2600047512 /* AppDelegate.swift */,
				A8418CEF1BF02A2600047512 /* ViewController.swift */,
				A8418CF11BF02A2600047512 /* Main.storyboard */,
				A8418CF71BF02A2600047512 /* Assets.xcassets */,
				A8418CF91BF02A2600047512 /* LaunchScreen.storyboard */,
				A8418CFC1BF02A2600047512 /* Info.plist */,
				A8418CF41BF02A2600047512 /* CoreMemoSample.xcdatamodeld */,
			);
			path = CoreMemoSample;
			sourceTree = "<group>";
		};
/* End PBXGroup section */

/* Begin PBXNativeTarget section */
		A8418CE91BF02A2600047512 /* CoreMemoSample */ = {
			isa = PBXNativeTarget;
			buildConfigurationList = A8418CFF1BF02A2600047512 /* Build configuration list for PBXNativeTarget "CoreMemoSample" */;
			buildPhases = (
				A8418CE61BF02A2600047512 /* Sources */,
				A8418CE71BF02A2600047512 /* Frameworks */,
				A8418CE81BF02A2600047512 /* Resources */,
			);
			buildRules = (
			);
			dependencies = (
			);
			name = CoreMemoSample;
			productName = CoreMemoSample;
			productReference = A8418CEA1BF02A2600047512 /* CoreMemoSample.app */;
			productType = "com.apple.product-type.application";
		};
/* End PBXNativeTarget section */

/* Begin PBXProject section */
		A8418CE21BF02A2600047512 /* Project object */ = {
			isa = PBXProject;
			attributes = {
				LastSwiftUpdateCheck = 0710;
				LastUpgradeCheck = 0710;
				ORGANIZATIONNAME = Hayashidesu;
				TargetAttributes = {
					A8418CE91BF02A2600047512 = {
						CreatedOnToolsVersion = 7.1;
					};
				};
			};
			buildConfigurationList = A8418CE51BF02A2600047512 /* Build configuration list for PBXProject "CoreMemoSample" */;
			compatibilityVersion = "Xcode 3.2";
			developmentRegion = English;
			hasScannedForEncodings = 0;
			knownRegions = (
				en,
				Base,
			);
			mainGroup = A8418CE11BF02A2600047512;
			productRefGroup = A8418CEB1BF02A2600047512 /* Products */;
			projectDirPath = "";
			projectRoot = "";
			targets = (
				A8418CE91BF02A2600047512 /* CoreMemoSample */,
			);
		};
/* End PBXProject section */

/* Begin PBXResourcesBuildPhase section */
		A8418CE81BF02A2600047512 /* Resources */ = {
			isa = PBXResourcesBuildPhase;
			buildActionMask = 2147483647;
			files = (
				A8418CFB1BF02A2600047512 /* LaunchScreen.storyboard in Resources */,
				A8418CF81BF02A2600047512 /* Assets.xcassets in Resources */,
				A8418CF31BF02A2600047512 /* Main.storyboard in Resources */,
			);
			runOnlyForDeploymentPostprocessing = 0;
		};
/* End PBXResourcesBuildPhase section */

/* Begin PBXSourcesBuildPhase section */
		A8418CE61BF02A2600047512 /* Sources */ = {
			isa = PBXSourcesBuildPhase;
			buildActionMask = 2147483647;
			files = (
				A8418CF61BF02A2600047512 /* CoreMemoSample.xcdatamodeld in Sources */,
				A8418CF01BF02A2600047512 /* ViewController.swift in Sources */,
				A8418CEE1BF02A2600047512 /* AppDelegate.swift in Sources */,
			);
			runOnlyForDeploymentPostprocessing = 0;
		};
/* End PBXSourcesBuildPhase section */

/* Begin PBXVariantGroup section */
		A8418CF11BF02A2600047512 /* Main.storyboard */ = {
			isa = PBXVariantGroup;
			children = (
				A8418CF21BF02A2600047512 /* Base */,
			);
			name = Main.storyboard;
			sourceTree = "<group>";
		};
		A8418CF91BF02A2600047512 /* LaunchScreen.storyboard */ = {
			isa = PBXVariantGroup;
			children = (
				A8418CFA1BF02A2600047512 /* Base */,
			);
			name = LaunchScreen.storyboard;
			sourceTree = "<group>";
		};
/* End PBXVariantGroup section */

/* Begin XCBuildConfiguration section */
		A8418CFD1BF02A2600047512 /* Debug */ = {
			isa = XCBuildConfiguration;
			buildSettings = {
				ALWAYS_SEARCH_USER_PATHS = NO;
				CLANG_CXX_LANGUAGE_STANDARD = "gnu++0x";
				CLANG_CXX_LIBRARY = "libc++";
				CLANG_ENABLE_MODULES = YES;
				CLANG_ENABLE_OBJC_ARC = YES;
				CLANG_WARN_BOOL_CONVERSION = YES;
				CLANG_WARN_CONSTANT_CONVERSION = YES;
				CLANG_WARN_DIRECT_OBJC_ISA_USAGE = YES_ERROR;
				CLANG_WARN_EMPTY_BODY = YES;
				CLANG_WARN_ENUM_CONVERSION = YES;
				CLANG_WARN_INT_CONVERSION = YES;
				CLANG_WARN_OBJC_ROOT_CLASS = YES_ERROR;
				CLANG_WARN_UNREACHABLE_CODE = YES;
				CLANG_WARN__DUPLICATE_METHOD_MATCH = YES;
				"CODE_SIGN_IDENTITY[sdk=iphoneos*]" = "iPhone Developer";
				COPY_PHASE_STRIP = NO;
				DEBUG_INFORMATION_FORMAT = dwarf;
				ENABLE_STRICT_OBJC_MSGSEND = YES;
				ENABLE_TESTABILITY = YES;
				GCC_C_LANGUAGE_STANDARD = gnu99;
				GCC_DYNAMIC_NO_PIC = NO;
				GCC_NO_COMMON_BLOCKS = YES;
				GCC_OPTIMIZATION_LEVEL = 0;
				GCC_PREPROCESSOR_DEFINITIONS = (
					"DEBUG=1",
					"$(inherited)",
				);
				GCC_WARN_64_TO_32_BIT_CONVERSION = YES;
				GCC_WARN_ABOUT_RETURN_TYPE = YES_ERROR;
				GCC_WARN_UNDECLARED_SELECTOR = YES;
				GCC_WARN_UNINITIALIZED_AUTOS = YES_AGGRESSIVE;
				GCC_WARN_UNUSED_FUNCTION = YES;
				GCC_WARN_UNUSED_VARIABLE = YES;
				IPHONEOS_DEPLOYMENT_TARGET = 9.1;
				MTL_ENABLE_DEBUG_INFO = YES;
				ONLY_ACTIVE_ARCH = YES;
				SDKROOT = iphoneos;
				SWIFT_OPTIMIZATION_LEVEL = "-Onone";
			};
			name = Debug;
		};
		A8418CFE1BF02A2600047512 /* Release */ = {
			isa = XCBuildConfiguration;
			buildSettings = {
				ALWAYS_SEARCH_USER_PATHS = NO;
				CLANG_CXX_LANGUAGE_STANDARD = "gnu++0x";
				CLANG_CXX_LIBRARY = "libc++";
				CLANG_ENABLE_MODULES = YES;
				CLANG_ENABLE_OBJC_ARC = YES;
				CLANG_WARN_BOOL_CONVERSION = YES;
				CLANG_WARN_CONSTANT_CONVERSION = YES;
				CLANG_WARN_DIRECT_OBJC_ISA_USAGE = YES_ERROR;
				CLANG_WARN_EMPTY_BODY = YES;
				CLANG_WARN_ENUM_CONVERSION = YES;
				CLANG_WARN_INT_CONVERSION = YES;
				CLANG_WARN_OBJC_ROOT_CLASS = YES_ERROR;
				CLANG_WARN_UNREACHABLE_CODE = YES;
				CLANG_WARN__DUPLICATE_METHOD_MATCH = YES;
				"CODE_SIGN_IDENTITY[sdk=iphoneos*]" = "iPhone Developer";
				COPY_PHASE_STRIP = NO;
				DEBUG_INFORMATION_FORMAT = "dwarf-with-dsym";
				ENABLE_NS_ASSERTIONS = NO;
				ENABLE_STRICT_OBJC_MSGSEND = YES;
				GCC_C_LANGUAGE_STANDARD = gnu99;
				GCC_NO_COMMON_BLOCKS = YES;
				GCC_WARN_64_TO_32_BIT_CONVERSION = YES;
				GCC_WARN_ABOUT_RETURN_TYPE = YES_ERROR;
				GCC_WARN_UNDECLARED_SELECTOR = YES;
				GCC_WARN_UNINITIALIZED_AUTOS = YES_AGGRESSIVE;
				GCC_WARN_UNUSED_FUNCTION = YES;
				GCC_WARN_UNUSED_VARIABLE = YES;
				IPHONEOS_DEPLOYMENT_TARGET = 9.1;
				MTL_ENABLE_DEBUG_INFO = NO;
				SDKROOT = iphoneos;
				VALIDATE_PRODUCT = YES;
			};
			name = Release;
		};
		A8418D001BF02A2600047512 /* Debug */ = {
			isa = XCBuildConfiguration;
			buildSettings = {
				ASSETCATALOG_COMPILER_APPICON_NAME = AppIcon;
				INFOPLIST_FILE = CoreMemoSample/Info.plist;
				LD_RUNPATH_SEARCH_PATHS = "$(inherited) @executable_path/Frameworks";
				PRODUCT_BUNDLE_IDENTIFIER = Hayashidesu.CoreMemoSample;
				PRODUCT_NAME = "$(TARGET_NAME)";
			};
			name = Debug;
		};
		A8418D011BF02A2600047512 /* Release */ = {
			isa = XCBuildConfiguration;
			buildSettings = {
				ASSETCATALOG_COMPILER_APPICON_NAME = AppIcon;
				INFOPLIST_FILE = CoreMemoSample/Info.plist;
				LD_RUNPATH_SEARCH_PATHS = "$(inherited) @executable_path/Frameworks";
				PRODUCT_BUNDLE_IDENTIFIER = Hayashidesu.CoreMemoSample;
				PRODUCT_NAME = "$(TARGET_NAME)";
			};
			name = Release;
		};
/* End XCBuildConfiguration section */

/* Begin XCConfigurationList section */
		A8418CE51BF02A2600047512 /* Build configuration list for PBXProject "CoreMemoSample" */ = {
			isa = XCConfigurationList;
			buildConfigurations = (
				A8418CFD1BF02A2600047512 /* Debug */,
				A8418CFE1BF02A2600047512 /* Release */,
			);
			defaultConfigurationIsVisible = 0;
			defaultConfigurationName = Release;
		};
		A8418CFF1BF02A2600047512 /* Build configuration list for PBXNativeTarget "CoreMemoSample" */ = {
			isa = XCConfigurationList;
			buildConfigurations = (
				A8418D001BF02A2600047512 /* Debug */,
				A8418D011BF02A2600047512 /* Release */,
			);
			defaultConfigurationIsVisible = 0;
		};
/* End XCConfigurationList section */

/* Begin XCVersionGroup section */
		A8418CF41BF02A2600047512 /* CoreMemoSample.xcdatamodeld */ = {
			isa = XCVersionGroup;
			children = (
				A8418CF51BF02A2600047512 /* CoreMemoSample.xcdatamodel */,
			);
			currentVersion = A8418CF51BF02A2600047512 /* CoreMemoSample.xcdatamodel */;
			path = CoreMemoSample.xcdatamodeld;
			sourceTree = "<group>";
			versionGroupType = wrapper.xcdatamodel;
		};
/* End XCVersionGroup section */
	};
	rootObject = A8418CE21BF02A2600047512 /* Project object */;
}
